// !$*UTF8*$!
{
	archiveVersion = 1;
	classes = {
	};
	objectVersion = 56;
	objects = {

/* Begin PBXBuildFile section */
		531759452BF3F8C400BED682 /* TaskTrackerApp.swift in Sources */ = {isa = PBXBuildFile; fileRef = 531759442BF3F8C400BED682 /* TaskTrackerApp.swift */; };
		531759472BF3F8C400BED682 /* ContentView.swift in Sources */ = {isa = PBXBuildFile; fileRef = 531759462BF3F8C400BED682 /* ContentView.swift */; };
		531759492BF3F8C700BED682 /* Assets.xcassets in Resources */ = {isa = PBXBuildFile; fileRef = 531759482BF3F8C700BED682 /* Assets.xcassets */; };
		5317594C2BF3F8C700BED682 /* Preview Assets.xcassets in Resources */ = {isa = PBXBuildFile; fileRef = 5317594B2BF3F8C700BED682 /* Preview Assets.xcassets */; };
		53257EB92BF7DC94008443CB /* HomeView.swift in Sources */ = {isa = PBXBuildFile; fileRef = 53257EB82BF7DC94008443CB /* HomeView.swift */; };
		53257EBB2BF7DE47008443CB /* CategoryPanel.swift in Sources */ = {isa = PBXBuildFile; fileRef = 53257EBA2BF7DE47008443CB /* CategoryPanel.swift */; };
		53257EBD2BF7EE82008443CB /* CategoryView.swift in Sources */ = {isa = PBXBuildFile; fileRef = 53257EBC2BF7EE82008443CB /* CategoryView.swift */; };
		53260A382C06481200F041AE /* ListItem.swift in Sources */ = {isa = PBXBuildFile; fileRef = 53260A372C06481200F041AE /* ListItem.swift */; };
		53260A3A2C064F4500F041AE /* ListView.swift in Sources */ = {isa = PBXBuildFile; fileRef = 53260A392C064F4500F041AE /* ListView.swift */; };
		536C538E2C8E464D00A7E4CD /* DataController.swift in Sources */ = {isa = PBXBuildFile; fileRef = 536C538D2C8E464D00A7E4CD /* DataController.swift */; };
		536C53912C8E474400A7E4CD /* JobDatabase.xcdatamodeld in Sources */ = {isa = PBXBuildFile; fileRef = 536C538F2C8E474400A7E4CD /* JobDatabase.xcdatamodeld */; };
		536C53942C8E47DF00A7E4CD /* Job+CoreDataClass.swift in Sources */ = {isa = PBXBuildFile; fileRef = 536C53922C8E47DF00A7E4CD /* Job+CoreDataClass.swift */; };
		536C53952C8E47DF00A7E4CD /* Job+CoreDataProperties.swift in Sources */ = {isa = PBXBuildFile; fileRef = 536C53932C8E47DF00A7E4CD /* Job+CoreDataProperties.swift */; };
		538C58272C928B3800454417 /* EditJobView.swift in Sources */ = {isa = PBXBuildFile; fileRef = 538C58262C928B3800454417 /* EditJobView.swift */; };
/* End PBXBuildFile section */

/* Begin PBXFileReference section */
		531759412BF3F8C400BED682 /* TaskTracker.app */ = {isa = PBXFileReference; explicitFileType = wrapper.application; includeInIndex = 0; path = TaskTracker.app; sourceTree = BUILT_PRODUCTS_DIR; };
		531759442BF3F8C400BED682 /* TaskTrackerApp.swift */ = {isa = PBXFileReference; lastKnownFileType = sourcecode.swift; path = TaskTrackerApp.swift; sourceTree = "<group>"; };
		531759462BF3F8C400BED682 /* ContentView.swift */ = {isa = PBXFileReference; lastKnownFileType = sourcecode.swift; path = ContentView.swift; sourceTree = "<group>"; };
		531759482BF3F8C700BED682 /* Assets.xcassets */ = {isa = PBXFileReference; lastKnownFileType = folder.assetcatalog; path = Assets.xcassets; sourceTree = "<group>"; };
		5317594B2BF3F8C700BED682 /* Preview Assets.xcassets */ = {isa = PBXFileReference; lastKnownFileType = folder.assetcatalog; path = "Preview Assets.xcassets"; sourceTree = "<group>"; };
		53257EB82BF7DC94008443CB /* HomeView.swift */ = {isa = PBXFileReference; lastKnownFileType = sourcecode.swift; path = HomeView.swift; sourceTree = "<group>"; };
		53257EBA2BF7DE47008443CB /* CategoryPanel.swift */ = {isa = PBXFileReference; lastKnownFileType = sourcecode.swift; path = CategoryPanel.swift; sourceTree = "<group>"; };
		53257EBC2BF7EE82008443CB /* CategoryView.swift */ = {isa = PBXFileReference; lastKnownFileType = sourcecode.swift; path = CategoryView.swift; sourceTree = "<group>"; };
		53260A372C06481200F041AE /* ListItem.swift */ = {isa = PBXFileReference; lastKnownFileType = sourcecode.swift; path = ListItem.swift; sourceTree = "<group>"; };
		53260A392C064F4500F041AE /* ListView.swift */ = {isa = PBXFileReference; lastKnownFileType = sourcecode.swift; path = ListView.swift; sourceTree = "<group>"; };
		536C538D2C8E464D00A7E4CD /* DataController.swift */ = {isa = PBXFileReference; lastKnownFileType = sourcecode.swift; path = DataController.swift; sourceTree = "<group>"; };
		536C53902C8E474400A7E4CD /* JobDatabase.xcdatamodel */ = {isa = PBXFileReference; lastKnownFileType = wrapper.xcdatamodel; path = JobDatabase.xcdatamodel; sourceTree = "<group>"; };
		536C53922C8E47DF00A7E4CD /* Job+CoreDataClass.swift */ = {isa = PBXFileReference; lastKnownFileType = sourcecode.swift; path = "Job+CoreDataClass.swift"; sourceTree = SOURCE_ROOT; };
		536C53932C8E47DF00A7E4CD /* Job+CoreDataProperties.swift */ = {isa = PBXFileReference; lastKnownFileType = sourcecode.swift; path = "Job+CoreDataProperties.swift"; sourceTree = SOURCE_ROOT; };
		538C58262C928B3800454417 /* EditJobView.swift */ = {isa = PBXFileReference; lastKnownFileType = sourcecode.swift; path = EditJobView.swift; sourceTree = "<group>"; };
/* End PBXFileReference section */

/* Begin PBXFrameworksBuildPhase section */
		5317593E2BF3F8C400BED682 /* Frameworks */ = {
			isa = PBXFrameworksBuildPhase;
			buildActionMask = 2147483647;
			files = (
			);
			runOnlyForDeploymentPostprocessing = 0;
		};
/* End PBXFrameworksBuildPhase section */

/* Begin PBXGroup section */
		53100CE12BFD0E5C0019A8F8 /* Home */ = {
			isa = PBXGroup;
			children = (
				53257EB82BF7DC94008443CB /* HomeView.swift */,
				53257EBC2BF7EE82008443CB /* CategoryView.swift */,
				53257EBA2BF7DE47008443CB /* CategoryPanel.swift */,
			);
			path = Home;
			sourceTree = "<group>";
		};
		531759382BF3F8C400BED682 = {
			isa = PBXGroup;
			children = (
				531759432BF3F8C400BED682 /* TaskTracker */,
				531759422BF3F8C400BED682 /* Products */,
			);
			sourceTree = "<group>";
		};
		531759422BF3F8C400BED682 /* Products */ = {
			isa = PBXGroup;
			children = (
				531759412BF3F8C400BED682 /* TaskTracker.app */,
			);
			name = Products;
			sourceTree = "<group>";
		};
		531759432BF3F8C400BED682 /* TaskTracker */ = {
			isa = PBXGroup;
			children = (
				531759442BF3F8C400BED682 /* TaskTrackerApp.swift */,
				53257EB72BF7DB87008443CB /* Views */,
				53C5A2D42C0664BE0068DE68 /* Models */,
				538A3C0A2C0904550026025F /* Resources */,
				531759482BF3F8C700BED682 /* Assets.xcassets */,
				5317594A2BF3F8C700BED682 /* Preview Content */,
			);
			path = TaskTracker;
			sourceTree = "<group>";
		};
		5317594A2BF3F8C700BED682 /* Preview Content */ = {
			isa = PBXGroup;
			children = (
				5317594B2BF3F8C700BED682 /* Preview Assets.xcassets */,
			);
			path = "Preview Content";
			sourceTree = "<group>";
		};
		53257EB72BF7DB87008443CB /* Views */ = {
			isa = PBXGroup;
			children = (
				531759462BF3F8C400BED682 /* ContentView.swift */,
				53100CE12BFD0E5C0019A8F8 /* Home */,
				53260A362C0647E000F041AE /* List */,
				538C58232C928AD200454417 /* EditJob */,
			);
			path = Views;
			sourceTree = "<group>";
		};
		53260A362C0647E000F041AE /* List */ = {
			isa = PBXGroup;
			children = (
				53260A392C064F4500F041AE /* ListView.swift */,
				53260A372C06481200F041AE /* ListItem.swift */,
			);
			path = List;
			sourceTree = "<group>";
		};
		538A3C0A2C0904550026025F /* Resources */ = {
			isa = PBXGroup;
			children = (
			);
			path = Resources;
			sourceTree = "<group>";
		};
		538C58232C928AD200454417 /* EditJob */ = {
			isa = PBXGroup;
			children = (
				538C58262C928B3800454417 /* EditJobView.swift */,
			);
			path = EditJob;
			sourceTree = "<group>";
		};
		53C5A2D42C0664BE0068DE68 /* Models */ = {
			isa = PBXGroup;
			children = (
				536C53922C8E47DF00A7E4CD /* Job+CoreDataClass.swift */,
				536C53932C8E47DF00A7E4CD /* Job+CoreDataProperties.swift */,
				536C538D2C8E464D00A7E4CD /* DataController.swift */,
				536C538F2C8E474400A7E4CD /* JobDatabase.xcdatamodeld */,
			);
			path = Models;
			sourceTree = "<group>";
		};
/* End PBXGroup section */

/* Begin PBXNativeTarget section */
		531759402BF3F8C400BED682 /* TaskTracker */ = {
			isa = PBXNativeTarget;
			buildConfigurationList = 5317594F2BF3F8C700BED682 /* Build configuration list for PBXNativeTarget "TaskTracker" */;
			buildPhases = (
				5317593D2BF3F8C400BED682 /* Sources */,
				5317593E2BF3F8C400BED682 /* Frameworks */,
				5317593F2BF3F8C400BED682 /* Resources */,
			);
			buildRules = (
			);
			dependencies = (
			);
			name = TaskTracker;
			productName = TaskTracker;
			productReference = 531759412BF3F8C400BED682 /* TaskTracker.app */;
			productType = "com.apple.product-type.application";
		};
/* End PBXNativeTarget section */

/* Begin PBXProject section */
		531759392BF3F8C400BED682 /* Project object */ = {
			isa = PBXProject;
			attributes = {
				BuildIndependentTargetsInParallel = 1;
				LastSwiftUpdateCheck = 1540;
				LastUpgradeCheck = 1540;
				TargetAttributes = {
					531759402BF3F8C400BED682 = {
						CreatedOnToolsVersion = 15.4;
					};
				};
			};
			buildConfigurationList = 5317593C2BF3F8C400BED682 /* Build configuration list for PBXProject "TaskTracker" */;
			compatibilityVersion = "Xcode 14.0";
			developmentRegion = en;
			hasScannedForEncodings = 0;
			knownRegions = (
				en,
				Base,
			);
			mainGroup = 531759382BF3F8C400BED682;
			productRefGroup = 531759422BF3F8C400BED682 /* Products */;
			projectDirPath = "";
			projectRoot = "";
			targets = (
				531759402BF3F8C400BED682 /* TaskTracker */,
			);
		};
/* End PBXProject section */

/* Begin PBXResourcesBuildPhase section */
		5317593F2BF3F8C400BED682 /* Resources */ = {
			isa = PBXResourcesBuildPhase;
			buildActionMask = 2147483647;
			files = (
				5317594C2BF3F8C700BED682 /* Preview Assets.xcassets in Resources */,
				531759492BF3F8C700BED682 /* Assets.xcassets in Resources */,
			);
			runOnlyForDeploymentPostprocessing = 0;
		};
/* End PBXResourcesBuildPhase section */

/* Begin PBXSourcesBuildPhase section */
		5317593D2BF3F8C400BED682 /* Sources */ = {
			isa = PBXSourcesBuildPhase;
			buildActionMask = 2147483647;
			files = (
				538C58272C928B3800454417 /* EditJobView.swift in Sources */,
				536C53942C8E47DF00A7E4CD /* Job+CoreDataClass.swift in Sources */,
				536C53952C8E47DF00A7E4CD /* Job+CoreDataProperties.swift in Sources */,
				53260A382C06481200F041AE /* ListItem.swift in Sources */,
				53257EBB2BF7DE47008443CB /* CategoryPanel.swift in Sources */,
				53260A3A2C064F4500F041AE /* ListView.swift in Sources */,
				53257EB92BF7DC94008443CB /* HomeView.swift in Sources */,
				531759472BF3F8C400BED682 /* ContentView.swift in Sources */,
				536C538E2C8E464D00A7E4CD /* DataController.swift in Sources */,
				531759452BF3F8C400BED682 /* TaskTrackerApp.swift in Sources */,
				536C53912C8E474400A7E4CD /* JobDatabase.xcdatamodeld in Sources */,
				53257EBD2BF7EE82008443CB /* CategoryView.swift in Sources */,
			);
			runOnlyForDeploymentPostprocessing = 0;
		};
/* End PBXSourcesBuildPhase section */

/* Begin XCBuildConfiguration section */
		5317594D2BF3F8C700BED682 /* Debug */ = {
			isa = XCBuildConfiguration;
			buildSettings = {
				ALWAYS_SEARCH_USER_PATHS = NO;
				ASSETCATALOG_COMPILER_GENERATE_SWIFT_ASSET_SYMBOL_EXTENSIONS = YES;
				CLANG_ANALYZER_NONNULL = YES;
				CLANG_ANALYZER_NUMBER_OBJECT_CONVERSION = YES_AGGRESSIVE;
				CLANG_CXX_LANGUAGE_STANDARD = "gnu++20";
				CLANG_ENABLE_MODULES = YES;
				CLANG_ENABLE_OBJC_ARC = YES;
				CLANG_ENABLE_OBJC_WEAK = YES;
				CLANG_WARN_BLOCK_CAPTURE_AUTORELEASING = YES;
				CLANG_WARN_BOOL_CONVERSION = YES;
				CLANG_WARN_COMMA = YES;
				CLANG_WARN_CONSTANT_CONVERSION = YES;
				CLANG_WARN_DEPRECATED_OBJC_IMPLEMENTATIONS = YES;
				CLANG_WARN_DIRECT_OBJC_ISA_USAGE = YES_ERROR;
				CLANG_WARN_DOCUMENTATION_COMMENTS = YES;
				CLANG_WARN_EMPTY_BODY = YES;
				CLANG_WARN_ENUM_CONVERSION = YES;
				CLANG_WARN_INFINITE_RECURSION = YES;
				CLANG_WARN_INT_CONVERSION = YES;
				CLANG_WARN_NON_LITERAL_NULL_CONVERSION = YES;
				CLANG_WARN_OBJC_IMPLICIT_RETAIN_SELF = YES;
				CLANG_WARN_OBJC_LITERAL_CONVERSION = YES;
				CLANG_WARN_OBJC_ROOT_CLASS = YES_ERROR;
				CLANG_WARN_QUOTED_INCLUDE_IN_FRAMEWORK_HEADER = YES;
				CLANG_WARN_RANGE_LOOP_ANALYSIS = YES;
				CLANG_WARN_STRICT_PROTOTYPES = YES;
				CLANG_WARN_SUSPICIOUS_MOVE = YES;
				CLANG_WARN_UNGUARDED_AVAILABILITY = YES_AGGRESSIVE;
				CLANG_WARN_UNREACHABLE_CODE = YES;
				CLANG_WARN__DUPLICATE_METHOD_MATCH = YES;
				COPY_PHASE_STRIP = NO;
				DEBUG_INFORMATION_FORMAT = dwarf;
				ENABLE_STRICT_OBJC_MSGSEND = YES;
				ENABLE_TESTABILITY = YES;
				ENABLE_USER_SCRIPT_SANDBOXING = YES;
				GCC_C_LANGUAGE_STANDARD = gnu17;
				GCC_DYNAMIC_NO_PIC = NO;
				GCC_NO_COMMON_BLOCKS = YES;
				GCC_OPTIMIZATION_LEVEL = 0;
				GCC_PREPROCESSOR_DEFINITIONS = (
					"DEBUG=1",
					"$(inherited)",
				);
				GCC_WARN_64_TO_32_BIT_CONVERSION = YES;
				GCC_WARN_ABOUT_RETURN_TYPE = YES_ERROR;
				GCC_WARN_UNDECLARED_SELECTOR = YES;
				GCC_WARN_UNINITIALIZED_AUTOS = YES_AGGRESSIVE;
				GCC_WARN_UNUSED_FUNCTION = YES;
				GCC_WARN_UNUSED_VARIABLE = YES;
				IPHONEOS_DEPLOYMENT_TARGET = 17.5;
				LOCALIZATION_PREFERS_STRING_CATALOGS = YES;
				MTL_ENABLE_DEBUG_INFO = INCLUDE_SOURCE;
				MTL_FAST_MATH = YES;
				ONLY_ACTIVE_ARCH = YES;
				SDKROOT = iphoneos;
				SWIFT_ACTIVE_COMPILATION_CONDITIONS = "DEBUG $(inherited)";
				SWIFT_OPTIMIZATION_LEVEL = "-Onone";
			};
			name = Debug;
		};
		5317594E2BF3F8C700BED682 /* Release */ = {
			isa = XCBuildConfiguration;
			buildSettings = {
				ALWAYS_SEARCH_USER_PATHS = NO;
				ASSETCATALOG_COMPILER_GENERATE_SWIFT_ASSET_SYMBOL_EXTENSIONS = YES;
				CLANG_ANALYZER_NONNULL = YES;
				CLANG_ANALYZER_NUMBER_OBJECT_CONVERSION = YES_AGGRESSIVE;
				CLANG_CXX_LANGUAGE_STANDARD = "gnu++20";
				CLANG_ENABLE_MODULES = YES;
				CLANG_ENABLE_OBJC_ARC = YES;
				CLANG_ENABLE_OBJC_WEAK = YES;
				CLANG_WARN_BLOCK_CAPTURE_AUTORELEASING = YES;
				CLANG_WARN_BOOL_CONVERSION = YES;
				CLANG_WARN_COMMA = YES;
				CLANG_WARN_CONSTANT_CONVERSION = YES;
				CLANG_WARN_DEPRECATED_OBJC_IMPLEMENTATIONS = YES;
				CLANG_WARN_DIRECT_OBJC_ISA_USAGE = YES_ERROR;
				CLANG_WARN_DOCUMENTATION_COMMENTS = YES;
				CLANG_WARN_EMPTY_BODY = YES;
				CLANG_WARN_ENUM_CONVERSION = YES;
				CLANG_WARN_INFINITE_RECURSION = YES;
				CLANG_WARN_INT_CONVERSION = YES;
				CLANG_WARN_NON_LITERAL_NULL_CONVERSION = YES;
				CLANG_WARN_OBJC_IMPLICIT_RETAIN_SELF = YES;
				CLANG_WARN_OBJC_LITERAL_CONVERSION = YES;
				CLANG_WARN_OBJC_ROOT_CLASS = YES_ERROR;
				CLANG_WARN_QUOTED_INCLUDE_IN_FRAMEWORK_HEADER = YES;
				CLANG_WARN_RANGE_LOOP_ANALYSIS = YES;
				CLANG_WARN_STRICT_PROTOTYPES = YES;
				CLANG_WARN_SUSPICIOUS_MOVE = YES;
				CLANG_WARN_UNGUARDED_AVAILABILITY = YES_AGGRESSIVE;
				CLANG_WARN_UNREACHABLE_CODE = YES;
				CLANG_WARN__DUPLICATE_METHOD_MATCH = YES;
				COPY_PHASE_STRIP = NO;
				DEBUG_INFORMATION_FORMAT = "dwarf-with-dsym";
				ENABLE_NS_ASSERTIONS = NO;
				ENABLE_STRICT_OBJC_MSGSEND = YES;
				ENABLE_USER_SCRIPT_SANDBOXING = YES;
				GCC_C_LANGUAGE_STANDARD = gnu17;
				GCC_NO_COMMON_BLOCKS = YES;
				GCC_WARN_64_TO_32_BIT_CONVERSION = YES;
				GCC_WARN_ABOUT_RETURN_TYPE = YES_ERROR;
				GCC_WARN_UNDECLARED_SELECTOR = YES;
				GCC_WARN_UNINITIALIZED_AUTOS = YES_AGGRESSIVE;
				GCC_WARN_UNUSED_FUNCTION = YES;
				GCC_WARN_UNUSED_VARIABLE = YES;
				IPHONEOS_DEPLOYMENT_TARGET = 17.5;
				LOCALIZATION_PREFERS_STRING_CATALOGS = YES;
				MTL_ENABLE_DEBUG_INFO = NO;
				MTL_FAST_MATH = YES;
				SDKROOT = iphoneos;
				SWIFT_COMPILATION_MODE = wholemodule;
				VALIDATE_PRODUCT = YES;
			};
			name = Release;
		};
		531759502BF3F8C700BED682 /* Debug */ = {
			isa = XCBuildConfiguration;
			buildSettings = {
				ASSETCATALOG_COMPILER_APPICON_NAME = AppIcon;
				ASSETCATALOG_COMPILER_GLOBAL_ACCENT_COLOR_NAME = AccentColor;
				CODE_SIGN_STYLE = Automatic;
				CURRENT_PROJECT_VERSION = 1;
				DEVELOPMENT_ASSET_PATHS = "\"TaskTracker/Preview Content\"";
				ENABLE_PREVIEWS = YES;
				GENERATE_INFOPLIST_FILE = YES;
				INFOPLIST_KEY_UIApplicationSceneManifest_Generation = YES;
				INFOPLIST_KEY_UIApplicationSupportsIndirectInputEvents = YES;
				INFOPLIST_KEY_UILaunchScreen_Generation = YES;
				INFOPLIST_KEY_UISupportedInterfaceOrientations_iPad = "UIInterfaceOrientationPortrait UIInterfaceOrientationPortraitUpsideDown UIInterfaceOrientationLandscapeLeft UIInterfaceOrientationLandscapeRight";
				INFOPLIST_KEY_UISupportedInterfaceOrientations_iPhone = "UIInterfaceOrientationPortrait UIInterfaceOrientationLandscapeLeft UIInterfaceOrientationLandscapeRight";
				LD_RUNPATH_SEARCH_PATHS = (
					"$(inherited)",
					"@executable_path/Frameworks",
				);
				MARKETING_VERSION = 1.0;
				PRODUCT_BUNDLE_IDENTIFIER = com.jacobkelly.TaskTracker;
				PRODUCT_NAME = "$(TARGET_NAME)";
				SWIFT_EMIT_LOC_STRINGS = YES;
				SWIFT_VERSION = 5.0;
				TARGETED_DEVICE_FAMILY = "1,2";
			};
			name = Debug;
		};
		531759512BF3F8C700BED682 /* Release */ = {
			isa = XCBuildConfiguration;
			buildSettings = {
				ASSETCATALOG_COMPILER_APPICON_NAME = AppIcon;
				ASSETCATALOG_COMPILER_GLOBAL_ACCENT_COLOR_NAME = AccentColor;
				CODE_SIGN_STYLE = Automatic;
				CURRENT_PROJECT_VERSION = 1;
				DEVELOPMENT_ASSET_PATHS = "\"TaskTracker/Preview Content\"";
				ENABLE_PREVIEWS = YES;
				GENERATE_INFOPLIST_FILE = YES;
				INFOPLIST_KEY_UIApplicationSceneManifest_Generation = YES;
				INFOPLIST_KEY_UIApplicationSupportsIndirectInputEvents = YES;
				INFOPLIST_KEY_UILaunchScreen_Generation = YES;
				INFOPLIST_KEY_UISupportedInterfaceOrientations_iPad = "UIInterfaceOrientationPortrait UIInterfaceOrientationPortraitUpsideDown UIInterfaceOrientationLandscapeLeft UIInterfaceOrientationLandscapeRight";
				INFOPLIST_KEY_UISupportedInterfaceOrientations_iPhone = "UIInterfaceOrientationPortrait UIInterfaceOrientationLandscapeLeft UIInterfaceOrientationLandscapeRight";
				LD_RUNPATH_SEARCH_PATHS = (
					"$(inherited)",
					"@executable_path/Frameworks",
				);
				MARKETING_VERSION = 1.0;
				PRODUCT_BUNDLE_IDENTIFIER = com.jacobkelly.TaskTracker;
				PRODUCT_NAME = "$(TARGET_NAME)";
				SWIFT_EMIT_LOC_STRINGS = YES;
				SWIFT_VERSION = 5.0;
				TARGETED_DEVICE_FAMILY = "1,2";
			};
			name = Release;
		};
/* End XCBuildConfiguration section */

/* Begin XCConfigurationList section */
		5317593C2BF3F8C400BED682 /* Build configuration list for PBXProject "TaskTracker" */ = {
			isa = XCConfigurationList;
			buildConfigurations = (
				5317594D2BF3F8C700BED682 /* Debug */,
				5317594E2BF3F8C700BED682 /* Release */,
			);
			defaultConfigurationIsVisible = 0;
			defaultConfigurationName = Release;
		};
		5317594F2BF3F8C700BED682 /* Build configuration list for PBXNativeTarget "TaskTracker" */ = {
			isa = XCConfigurationList;
			buildConfigurations = (
				531759502BF3F8C700BED682 /* Debug */,
				531759512BF3F8C700BED682 /* Release */,
			);
			defaultConfigurationIsVisible = 0;
			defaultConfigurationName = Release;
		};
/* End XCConfigurationList section */

/* Begin XCVersionGroup section */
		536C538F2C8E474400A7E4CD /* JobDatabase.xcdatamodeld */ = {
			isa = XCVersionGroup;
			children = (
				536C53902C8E474400A7E4CD /* JobDatabase.xcdatamodel */,
			);
			currentVersion = 536C53902C8E474400A7E4CD /* JobDatabase.xcdatamodel */;
			name = JobDatabase.xcdatamodeld;
			path = /Users/jacobkelly/Documents/XCodeProjects/TaskTracker/TaskTracker/Models/JobDatabase.xcdatamodeld;
			sourceTree = "<group>";
			versionGroupType = wrapper.xcdatamodel;
		};
/* End XCVersionGroup section */
	};
	rootObject = 531759392BF3F8C400BED682 /* Project object */;
}
